# This is a Gradle generated file for dependency locking.
# Manual edits can break the build and are not advised.
# This file is expected to be part of source control.
androidx.activity:activity-ktx:1.8.1=releaseRuntimeClasspath,releaseUnitTestRuntimeClasspath
androidx.activity:activity:1.8.1=releaseCompileClasspath,releaseRuntimeClasspath,releaseUnitTestCompileClasspath,releaseUnitTestRuntimeClasspath
androidx.annotation:annotation-experimental:1.4.1=releaseCompileClasspath,releaseRuntimeClasspath,releaseUnitTestCompileClasspath,releaseUnitTestRuntimeClasspath
androidx.annotation:annotation-jvm:1.9.1=releaseCompileClasspath,releaseRuntimeClasspath,releaseUnitTestCompileClasspath,releaseUnitTestRuntimeClasspath
androidx.annotation:annotation:1.9.1=releaseCompileClasspath,releaseRuntimeClasspath,releaseUnitTestCompileClasspath,releaseUnitTestRuntimeClasspath
androidx.appcompat:appcompat-resources:1.1.0=releaseRuntimeClasspath,releaseUnitTestRuntimeClasspath
androidx.appcompat:appcompat:1.1.0=releaseRuntimeClasspath,releaseUnitTestRuntimeClasspath
androidx.arch.core:core-common:2.2.0=releaseCompileClasspath,releaseRuntimeClasspath,releaseUnitTestCompileClasspath,releaseUnitTestRuntimeClasspath
androidx.arch.core:core-runtime:2.2.0=releaseCompileClasspath,releaseRuntimeClasspath,releaseUnitTestCompileClasspath,releaseUnitTestRuntimeClasspath
androidx.asynclayoutinflater:asynclayoutinflater:1.0.0=releaseRuntimeClasspath,releaseUnitTestRuntimeClasspath
androidx.browser:browser:1.8.0=releaseRuntimeClasspath,releaseUnitTestRuntimeClasspath
androidx.collection:collection-jvm:1.4.2=releaseCompileClasspath,releaseRuntimeClasspath,releaseUnitTestCompileClasspath,releaseUnitTestRuntimeClasspath
androidx.collection:collection-ktx:1.4.2=releaseRuntimeClasspath,releaseUnitTestRuntimeClasspath
androidx.collection:collection:1.4.2=releaseCompileClasspath,releaseRuntimeClasspath,releaseUnitTestCompileClasspath,releaseUnitTestRuntimeClasspath
androidx.compose.runtime:runtime:1.2.1=releaseRuntimeClasspath,releaseUnitTestRuntimeClasspath
androidx.compose.ui:ui-geometry:1.1.1=releaseRuntimeClasspath,releaseUnitTestRuntimeClasspath
androidx.compose.ui:ui-graphics:1.1.1=releaseRuntimeClasspath,releaseUnitTestRuntimeClasspath
androidx.compose.ui:ui-unit:1.1.1=releaseRuntimeClasspath,releaseUnitTestRuntimeClasspath
androidx.compose.ui:ui-util:1.1.1=releaseRuntimeClasspath,releaseUnitTestRuntimeClasspath
androidx.concurrent:concurrent-futures-ktx:1.1.0=releaseRuntimeClasspath,releaseUnitTestRuntimeClasspath
androidx.concurrent:concurrent-futures:1.1.0=releaseRuntimeClasspath,releaseUnitTestRuntimeClasspath
androidx.coordinatorlayout:coordinatorlayout:1.0.0=releaseRuntimeClasspath,releaseUnitTestRuntimeClasspath
androidx.core:core-ktx:1.16.0=releaseCompileClasspath,releaseRuntimeClasspath,releaseUnitTestCompileClasspath,releaseUnitTestRuntimeClasspath
androidx.core:core-remoteviews:1.1.0=releaseRuntimeClasspath,releaseUnitTestRuntimeClasspath
androidx.core:core-viewtree:1.0.0=releaseCompileClasspath,releaseRuntimeClasspath,releaseUnitTestCompileClasspath,releaseUnitTestRuntimeClasspath
androidx.core:core:1.16.0=releaseCompileClasspath,releaseRuntimeClasspath,releaseUnitTestCompileClasspath,releaseUnitTestRuntimeClasspath
androidx.cursoradapter:cursoradapter:1.0.0=releaseRuntimeClasspath,releaseUnitTestRuntimeClasspath
androidx.customview:customview:1.1.0=releaseCompileClasspath,releaseRuntimeClasspath,releaseUnitTestCompileClasspath,releaseUnitTestRuntimeClasspath
androidx.datastore:datastore-android:1.1.7=releaseRuntimeClasspath,releaseUnitTestRuntimeClasspath
androidx.datastore:datastore-core-android:1.1.7=releaseRuntimeClasspath,releaseUnitTestRuntimeClasspath
androidx.datastore:datastore-core-okio-jvm:1.1.7=releaseRuntimeClasspath,releaseUnitTestRuntimeClasspath
androidx.datastore:datastore-core-okio:1.1.7=releaseRuntimeClasspath,releaseUnitTestRuntimeClasspath
androidx.datastore:datastore-core:1.1.7=releaseRuntimeClasspath,releaseUnitTestRuntimeClasspath
androidx.datastore:datastore-preferences-android:1.1.7=releaseRuntimeClasspath,releaseUnitTestRuntimeClasspath
androidx.datastore:datastore-preferences-core-android:1.1.7=releaseRuntimeClasspath,releaseUnitTestRuntimeClasspath
androidx.datastore:datastore-preferences-core:1.1.7=releaseRuntimeClasspath,releaseUnitTestRuntimeClasspath
androidx.datastore:datastore-preferences-external-protobuf:1.1.7=releaseRuntimeClasspath,releaseUnitTestRuntimeClasspath
androidx.datastore:datastore-preferences-proto:1.1.7=releaseRuntimeClasspath,releaseUnitTestRuntimeClasspath
androidx.datastore:datastore-preferences:1.1.7=releaseRuntimeClasspath,releaseUnitTestRuntimeClasspath
androidx.datastore:datastore:1.1.7=releaseRuntimeClasspath,releaseUnitTestRuntimeClasspath
androidx.documentfile:documentfile:1.0.0=releaseRuntimeClasspath,releaseUnitTestRuntimeClasspath
androidx.drawerlayout:drawerlayout:1.0.0=releaseRuntimeClasspath,releaseUnitTestRuntimeClasspath
androidx.fragment:fragment-ktx:1.7.1=releaseRuntimeClasspath,releaseUnitTestRuntimeClasspath
androidx.fragment:fragment:1.7.1=releaseCompileClasspath,releaseRuntimeClasspath,releaseUnitTestCompileClasspath,releaseUnitTestRuntimeClasspath
androidx.glance:glance-appwidget-external-protobuf:1.1.1=releaseRuntimeClasspath,releaseUnitTestRuntimeClasspath
androidx.glance:glance-appwidget-proto:1.1.1=releaseRuntimeClasspath,releaseUnitTestRuntimeClasspath
androidx.glance:glance-appwidget:1.1.1=releaseRuntimeClasspath,releaseUnitTestRuntimeClasspath
androidx.glance:glance:1.1.1=releaseRuntimeClasspath,releaseUnitTestRuntimeClasspath
androidx.interpolator:interpolator:1.0.0=releaseRuntimeClasspath,releaseUnitTestRuntimeClasspath
androidx.legacy:legacy-support-core-ui:1.0.0=releaseRuntimeClasspath,releaseUnitTestRuntimeClasspath
androidx.legacy:legacy-support-core-utils:1.0.0=releaseRuntimeClasspath,releaseUnitTestRuntimeClasspath
androidx.lifecycle:lifecycle-common-java8:2.7.0=releaseCompileClasspath,releaseRuntimeClasspath,releaseUnitTestCompileClasspath,releaseUnitTestRuntimeClasspath
androidx.lifecycle:lifecycle-common:2.7.0=releaseCompileClasspath,releaseRuntimeClasspath,releaseUnitTestCompileClasspath,releaseUnitTestRuntimeClasspath
androidx.lifecycle:lifecycle-livedata-core-ktx:2.7.0=releaseCompileClasspath,releaseRuntimeClasspath,releaseUnitTestCompileClasspath,releaseUnitTestRuntimeClasspath
androidx.lifecycle:lifecycle-livedata-core:2.7.0=releaseCompileClasspath,releaseRuntimeClasspath,releaseUnitTestCompileClasspath,releaseUnitTestRuntimeClasspath
androidx.lifecycle:lifecycle-livedata:2.7.0=releaseCompileClasspath,releaseRuntimeClasspath,releaseUnitTestCompileClasspath,releaseUnitTestRuntimeClasspath
androidx.lifecycle:lifecycle-process:2.7.0=releaseCompileClasspath,releaseRuntimeClasspath,releaseUnitTestCompileClasspath,releaseUnitTestRuntimeClasspath
androidx.lifecycle:lifecycle-runtime-ktx:2.7.0=releaseRuntimeClasspath,releaseUnitTestRuntimeClasspath
androidx.lifecycle:lifecycle-runtime:2.7.0=releaseCompileClasspath,releaseRuntimeClasspath,releaseUnitTestCompileClasspath,releaseUnitTestRuntimeClasspath
androidx.lifecycle:lifecycle-service:2.7.0=releaseRuntimeClasspath,releaseUnitTestRuntimeClasspath
androidx.lifecycle:lifecycle-viewmodel-ktx:2.7.0=releaseRuntimeClasspath,releaseUnitTestRuntimeClasspath
androidx.lifecycle:lifecycle-viewmodel-savedstate:2.7.0=releaseCompileClasspath,releaseRuntimeClasspath,releaseUnitTestCompileClasspath,releaseUnitTestRuntimeClasspath
androidx.lifecycle:lifecycle-viewmodel:2.7.0=releaseCompileClasspath,releaseRuntimeClasspath,releaseUnitTestCompileClasspath,releaseUnitTestRuntimeClasspath
androidx.loader:loader:1.0.0=releaseCompileClasspath,releaseRuntimeClasspath,releaseUnitTestCompileClasspath,releaseUnitTestRuntimeClasspath
androidx.localbroadcastmanager:localbroadcastmanager:1.0.0=releaseRuntimeClasspath,releaseUnitTestRuntimeClasspath
androidx.media:media:1.1.0=releaseRuntimeClasspath,releaseUnitTestRuntimeClasspath
androidx.preference:preference:1.2.1=releaseRuntimeClasspath,releaseUnitTestRuntimeClasspath
androidx.print:print:1.0.0=releaseRuntimeClasspath,releaseUnitTestRuntimeClasspath
androidx.profileinstaller:profileinstaller:1.3.1=releaseRuntimeClasspath,releaseUnitTestRuntimeClasspath
androidx.recyclerview:recyclerview:1.0.0=releaseRuntimeClasspath,releaseUnitTestRuntimeClasspath
androidx.room:room-common-jvm:2.7.0=releaseRuntimeClasspath,releaseUnitTestRuntimeClasspath
androidx.room:room-common:2.7.0=releaseRuntimeClasspath,releaseUnitTestRuntimeClasspath
androidx.room:room-runtime-android:2.7.0=releaseRuntimeClasspath,releaseUnitTestRuntimeClasspath
androidx.room:room-runtime:2.7.0=releaseRuntimeClasspath,releaseUnitTestRuntimeClasspath
androidx.savedstate:savedstate-ktx:1.2.1=releaseRuntimeClasspath,releaseUnitTestRuntimeClasspath
androidx.savedstate:savedstate:1.2.1=releaseCompileClasspath,releaseRuntimeClasspath,releaseUnitTestCompileClasspath,releaseUnitTestRuntimeClasspath
androidx.slidingpanelayout:slidingpanelayout:1.2.0=releaseRuntimeClasspath,releaseUnitTestRuntimeClasspath
androidx.sqlite:sqlite-android:2.5.0=releaseRuntimeClasspath,releaseUnitTestRuntimeClasspath
androidx.sqlite:sqlite-framework-android:2.5.0=releaseRuntimeClasspath,releaseUnitTestRuntimeClasspath
androidx.sqlite:sqlite-framework:2.5.0=releaseRuntimeClasspath,releaseUnitTestRuntimeClasspath
androidx.sqlite:sqlite:2.5.0=releaseRuntimeClasspath,releaseUnitTestRuntimeClasspath
androidx.startup:startup-runtime:1.1.1=releaseCompileClasspath,releaseRuntimeClasspath,releaseUnitTestCompileClasspath,releaseUnitTestRuntimeClasspath
androidx.swiperefreshlayout:swiperefreshlayout:1.0.0=releaseRuntimeClasspath,releaseUnitTestRuntimeClasspath
androidx.tracing:tracing-ktx:1.2.0=releaseRuntimeClasspath,releaseUnitTestRuntimeClasspath
androidx.tracing:tracing:1.2.0=releaseCompileClasspath,releaseRuntimeClasspath,releaseUnitTestCompileClasspath,releaseUnitTestRuntimeClasspath
androidx.transition:transition:1.4.1=releaseRuntimeClasspath,releaseUnitTestRuntimeClasspath
androidx.vectordrawable:vectordrawable-animated:1.1.0=releaseRuntimeClasspath,releaseUnitTestRuntimeClasspath
androidx.vectordrawable:vectordrawable:1.1.0=releaseRuntimeClasspath,releaseUnitTestRuntimeClasspath
androidx.versionedparcelable:versionedparcelable:1.1.1=releaseCompileClasspath,releaseRuntimeClasspath,releaseUnitTestCompileClasspath,releaseUnitTestRuntimeClasspath
androidx.viewpager:viewpager:1.0.0=releaseCompileClasspath,releaseRuntimeClasspath,releaseUnitTestCompileClasspath,releaseUnitTestRuntimeClasspath
androidx.window.extensions.core:core:1.0.0=releaseRuntimeClasspath,releaseUnitTestRuntimeClasspath
androidx.window:window-java:1.2.0=releaseCompileClasspath,releaseRuntimeClasspath,releaseUnitTestCompileClasspath,releaseUnitTestRuntimeClasspath
androidx.window:window:1.2.0=releaseCompileClasspath,releaseRuntimeClasspath,releaseUnitTestCompileClasspath,releaseUnitTestRuntimeClasspath
androidx.work:work-runtime-ktx:2.11.2=releaseRuntimeClasspath,releaseUnitTestRuntimeClasspath
androidx.work:work-runtime:2.11.2=releaseRuntimeClasspath,releaseUnitTestRuntimeClasspath
com.getkeepsafe.relinker:relinker:1.4.5=releaseCompileClasspath,releaseRuntimeClasspath,releaseUnitTestCompileClasspath,releaseUnitTestRuntimeClasspath
com.google.code.findbugs:jsr305:3.0.2=releaseRuntimeClasspath,releaseUnitTestRuntimeClasspath
com.google.code.gson:gson:2.13.2=releaseRuntimeClasspath,releaseUnitTestRuntimeClasspath
com.google.crypto.tink:tink-android:1.21.0=releaseRuntimeClasspath,releaseUnitTestRuntimeClasspath
com.google.errorprone:error_prone_annotations:2.41.0=releaseRuntimeClasspath,releaseUnitTestRuntimeClasspath
com.google.guava:listenablefuture:1.0=releaseRuntimeClasspath,releaseUnitTestRuntimeClasspath
com.squareup.okhttp3:okhttp:4.11.0=releaseRuntimeClasspath,releaseUnitTestRuntimeClasspath
com.squareup.okio:okio-jvm:3.4.0=releaseRuntimeClasspath,releaseUnitTestRuntimeClasspath
com.squareup.okio:okio:3.4.0=releaseRuntimeClasspath,releaseUnitTestRuntimeClasspath
commons-codec:commons-codec:1.14=releaseRuntimeClasspath,releaseUnitTestRuntimeClasspath
io.flutter:arm64_v8a_release:1.0.0-cf56914b326edb0ccb123ffdc60f00060bd513fa=releaseCompileClasspath,releaseRuntimeClasspath,releaseUnitTestCompileClasspath,releaseUnitTestRuntimeClasspath
io.flutter:flutter_embedding_release:1.0.0-cf56914b326edb0ccb123ffdc60f00060bd513fa=releaseCompileClasspath,releaseRuntimeClasspath,releaseUnitTestCompileClasspath,releaseUnitTestRuntimeClasspath
org.jetbrains.kotlin:kotlin-android-extensions-runtime:1.9.22=releaseRuntimeClasspath,releaseUnitTestRuntimeClasspath
org.jetbrains.kotlin:kotlin-parcelize-runtime:1.9.22=releaseRuntimeClasspath,releaseUnitTestRuntimeClasspath
org.jetbrains.kotlin:kotlin-stdlib-common:2.2.0=releaseRuntimeClasspath,releaseUnitTestRuntimeClasspath
org.jetbrains.kotlin:kotlin-stdlib-jdk7:1.9.0=releaseRuntimeClasspath,releaseUnitTestRuntimeClasspath
org.jetbrains.kotlin:kotlin-stdlib-jdk8:1.9.0=releaseRuntimeClasspath,releaseUnitTestRuntimeClasspath
org.jetbrains.kotlin:kotlin-stdlib:2.2.0=releaseCompileClasspath,releaseRuntimeClasspath,releaseUnitTestCompileClasspath,releaseUnitTestRuntimeClasspath
org.jetbrains.kotlinx:kotlinx-coroutines-android:1.10.2=releaseCompileClasspath,releaseRuntimeClasspath,releaseUnitTestCompileClasspath,releaseUnitTestRuntimeClasspath
org.jetbrains.kotlinx:kotlinx-coroutines-bom:1.10.2=releaseCompileClasspath,releaseRuntimeClasspath,releaseUnitTestCompileClasspath,releaseUnitTestRuntimeClasspath
org.jetbrains.kotlinx:kotlinx-coroutines-core-jvm:1.10.2=releaseCompileClasspath,releaseRuntimeClasspath,releaseUnitTestCompileClasspath,releaseUnitTestRuntimeClasspath
org.jetbrains.kotlinx:kotlinx-coroutines-core:1.10.2=releaseCompileClasspath,releaseRuntimeClasspath,releaseUnitTestCompileClasspath,releaseUnitTestRuntimeClasspath
org.jetbrains:annotations:23.0.0=releaseCompileClasspath,releaseRuntimeClasspath,releaseUnitTestCompileClasspath,releaseUnitTestRuntimeClasspath
org.jspecify:jspecify:1.0.0=releaseCompileClasspath,releaseRuntimeClasspath,releaseUnitTestCompileClasspath,releaseUnitTestRuntimeClasspath
empty=releaseAnnotationProcessorClasspath,releaseCompileOnlyDependenciesMetadata,releaseIntransitiveDependenciesMetadata,releaseReverseMetadataValues,releaseUnitTestAnnotationProcessorClasspath,releaseUnitTestApiDependenciesMetadata,releaseUnitTestCompileOnlyDependenciesMetadata,releaseUnitTestImplementationDependenciesMetadata,releaseUnitTestIntransitiveDependenciesMetadata,releaseWearBundling
